
Microsoft Visual Studio Solution File, Format Version 12.00
# Visual Studio Version 16
VisualStudioVersion = 16.0.29201.188
MinimumVisualStudioVersion = 10.0.40219.1
Project("{FAE04EC0-301F-11D3-BF4B-00C04F79EFBC}") = "First-console-app", "First-console-app\First-console-app.csproj", "{EA394570-F86A-4DDF-89A4-0E80C41703A2}"
EndProject
Global
	GlobalSection(SolutionConfigurationPlatforms) = preSolution
		Debug|Any CPU = Debug|Any CPU
		Release|Any CPU = Release|Any CPU
	EndGlobalSection
	GlobalSection(ProjectConfigurationPlatforms) = postSolution
		{EA394570-F86A-4DDF-89A4-0E80C41703A2}.Debug|Any CPU.ActiveCfg = Debug|Any CPU
		{EA394570-F86A-4DDF-89A4-0E80C41703A2}.Debug|Any CPU.Build.0 = Debug|Any CPU
		{EA394570-F86A-4DDF-89A4-0E80C41703A2}.Release|Any CPU.ActiveCfg = Release|Any CPU
		{EA394570-F86A-4DDF-89A4-0E80C41703A2}.Release|Any CPU.Build.0 = Release|Any CPU
	EndGlobalSection
	GlobalSection(SolutionProperties) = preSolution
		HideSolutionNode = FALSE
	EndGlobalSection
	GlobalSection(ExtensibilityGlobals) = postSolution
		SolutionGuid = {85DCF0E7-1795-4BDF-9EFD-5B915C9F418D}
	EndGlobalSection
EndGlobal
